# This file was autogenerated by Stack.
# You should not edit this file by hand.
# For more information, please see the documentation at:
#   https://docs.haskellstack.org/en/stable/lock_files

packages:
- completed:
    hackage: extensible-effects-5.0.0.1@sha256:2ed0bee04c8bf334358147da6d92ff31e9fbbefceb75ef3e408a0d858aec0cc6,9013
    pantry-tree:
      size: 3306
      sha256: 4c520f1ccb76ed1d304cb5967e6679e31c907d3c0ba5d7e4a459e827b9a08173
  original:
    hackage: extensible-effects-5.0.0.1@sha256:2ed0bee04c8bf334358147da6d92ff31e9fbbefceb75ef3e408a0d858aec0cc6,9013
- completed:
    hackage: log-effect-1.2.0@sha256:a3ee3087ba120f7541cdec119ca6214b84f360e2f278c0d77109f02958075c7e,1848
    pantry-tree:
      size: 373
      sha256: c68483e39666c5e8cc3c35cb17603f5615f4beb3b3c66f1007a344da08865d52
  original:
    hackage: log-effect-1.2.0@sha256:a3ee3087ba120f7541cdec119ca6214b84f360e2f278c0d77109f02958075c7e,1848
- completed:
    hackage: optparse-applicative-0.15.1.0@sha256:a0b9924d88a17c36cd8e6839d7dd2138419dd8f08cbb4f9af18f3c367b0c69a3,4673
    pantry-tree:
      size: 2904
      sha256: f3baab2f89cb92de0f90cf9ac3a89f20f3b28bffd1be7b09c9e611a8c6957e61
  original:
    hackage: optparse-applicative-0.15.1.0@sha256:a0b9924d88a17c36cd8e6839d7dd2138419dd8f08cbb4f9af18f3c367b0c69a3,4673
- completed:
    hackage: proteaaudio-0.7.1.0@sha256:926a4437d239d453fc629c33ab5512211a6e6fe300c2f86efc6238ac1d587aa1,2598
    pantry-tree:
      size: 1877
      sha256: f6ba68f00b35abf46be7556ed78038ca772368a5445ac8176ef81fff4c965fbf
  original:
    hackage: proteaaudio-0.7.1.0@sha256:926a4437d239d453fc629c33ab5512211a6e6fe300c2f86efc6238ac1d587aa1,2598
snapshots:
- completed:
    size: 533252
    url: https://raw.githubusercontent.com/commercialhaskell/stackage-snapshots/master/lts/16/27.yaml
    sha256: c2aaae52beeacf6a5727c1010f50e89d03869abfab6d2c2658ade9da8ed50c73
  original: lts-16.27
