# This file was autogenerated by Stack.
# You should not edit this file by hand.
# For more information, please see the documentation at:
#   https://docs.haskellstack.org/en/stable/lock_files

packages:
- completed:
    hackage: log-effect-1.2.0@sha256:a3ee3087ba120f7541cdec119ca6214b84f360e2f278c0d77109f02958075c7e,1848
    pantry-tree:
      size: 373
      sha256: c68483e39666c5e8cc3c35cb17603f5615f4beb3b3c66f1007a344da08865d52
  original:
    hackage: log-effect-1.2.0@sha256:a3ee3087ba120f7541cdec119ca6214b84f360e2f278c0d77109f02958075c7e,1848
- completed:
    hackage: proteaaudio-0.8.0@sha256:3d383567f6d51c538ef9054b9b2c0ca924d95ca2994b57171a933a7f4efed298,2596
    pantry-tree:
      size: 1877
      sha256: 9f403942433857e2ae27c734d12d9eb5d06497dcdbada3ef5b645a3982a04664
  original:
    hackage: proteaaudio-0.8.0@sha256:3d383567f6d51c538ef9054b9b2c0ca924d95ca2994b57171a933a7f4efed298,2596
snapshots:
- completed:
    size: 533252
    url: https://raw.githubusercontent.com/commercialhaskell/stackage-snapshots/master/lts/16/27.yaml
    sha256: c2aaae52beeacf6a5727c1010f50e89d03869abfab6d2c2658ade9da8ed50c73
  original: lts-16.27
