# This file was autogenerated by Stack.
# You should not edit this file by hand.
# For more information, please see the documentation at:
#   https://docs.haskellstack.org/en/stable/lock_files

packages:
- completed:
    hackage: extensible-effects-5.0.0.1@sha256:2ed0bee04c8bf334358147da6d92ff31e9fbbefceb75ef3e408a0d858aec0cc6,9013
    pantry-tree:
      size: 3306
      sha256: 4c520f1ccb76ed1d304cb5967e6679e31c907d3c0ba5d7e4a459e827b9a08173
  original:
    hackage: extensible-effects-5.0.0.1@sha256:2ed0bee04c8bf334358147da6d92ff31e9fbbefceb75ef3e408a0d858aec0cc6,9013
- completed:
    hackage: log-effect-1.2.0@sha256:a3ee3087ba120f7541cdec119ca6214b84f360e2f278c0d77109f02958075c7e,1848
    pantry-tree:
      size: 373
      sha256: c68483e39666c5e8cc3c35cb17603f5615f4beb3b3c66f1007a344da08865d52
  original:
    hackage: log-effect-1.2.0@sha256:a3ee3087ba120f7541cdec119ca6214b84f360e2f278c0d77109f02958075c7e,1848
- completed:
    hackage: proteaaudio-0.8.0@sha256:3d383567f6d51c538ef9054b9b2c0ca924d95ca2994b57171a933a7f4efed298,2596
    pantry-tree:
      size: 1877
      sha256: 9f403942433857e2ae27c734d12d9eb5d06497dcdbada3ef5b645a3982a04664
  original:
    hackage: proteaaudio-0.8.0@sha256:3d383567f6d51c538ef9054b9b2c0ca924d95ca2994b57171a933a7f4efed298,2596
snapshots:
- completed:
    size: 524996
    url: https://raw.githubusercontent.com/commercialhaskell/stackage-snapshots/master/lts/14/27.yaml
    sha256: 7ea31a280c56bf36ff591a7397cc384d0dff622e7f9e4225b47d8980f019a0f0
  original: lts-14.27
